
Microsoft Visual Studio Solution File, Format Version 12.00
# Visual Studio Version 17
VisualStudioVersion = 17.7.34031.279
MinimumVisualStudioVersion = 10.0.40219.1
Project("{FAE04EC0-301F-11D3-BF4B-00C04F79EFBC}") = "OOP_NewLab3", "OOP_NewLab3\OOP_NewLab3.csproj", "{6FCF2707-F7CE-4FFF-BF53-62F3E80BB6D5}"
EndProject
Global
	GlobalSection(SolutionConfigurationPlatforms) = preSolution
		Debug|Any CPU = Debug|Any CPU
		Release|Any CPU = Release|Any CPU
	EndGlobalSection
	GlobalSection(ProjectConfigurationPlatforms) = postSolution
		{6FCF2707-F7CE-4FFF-BF53-62F3E80BB6D5}.Debug|Any CPU.ActiveCfg = Debug|Any CPU
		{6FCF2707-F7CE-4FFF-BF53-62F3E80BB6D5}.Debug|Any CPU.Build.0 = Debug|Any CPU
		{6FCF2707-F7CE-4FFF-BF53-62F3E80BB6D5}.Release|Any CPU.ActiveCfg = Release|Any CPU
		{6FCF2707-F7CE-4FFF-BF53-62F3E80BB6D5}.Release|Any CPU.Build.0 = Release|Any CPU
	EndGlobalSection
	GlobalSection(SolutionProperties) = preSolution
		HideSolutionNode = FALSE
	EndGlobalSection
	GlobalSection(ExtensibilityGlobals) = postSolution
		SolutionGuid = {8C5CB538-E129-4043-A363-B846A8B6BB7D}
	EndGlobalSection
EndGlobal
